<?xml version="1.0" encoding="utf-8"?>
<Project ToolsVersion="4.0" xmlns="http://schemas.microsoft.com/developer/msbuild/2003">
  <ItemGroup>
    <Filter Include="源文件">
      <UniqueIdentifier>{4FC737F1-C7A5-4376-A066-2A32D752A2FF}</UniqueIdentifier>
      <Extensions>cpp;c;cc;cxx;def;odl;idl;hpj;bat;asm;asmx</Extensions>
    </Filter>
    <Filter Include="头文件">
      <UniqueIdentifier>{93995380-89BD-4b04-88EB-625FBE52EBFB}</UniqueIdentifier>
      <Extensions>h;hpp;hxx;hm;inl;inc;xsd</Extensions>
    </Filter>
    <Filter Include="资源文件">
      <UniqueIdentifier>{67DA6AB6-F800-4c08-8B7A-83BB121AAD01}</UniqueIdentifier>
      <Extensions>rc;ico;cur;bmp;dlg;rc2;rct;bin;rgs;gif;jpg;jpeg;jpe;resx;tiff;tif;png;wav;mfcribbon-ms</Extensions>
    </Filter>
    <Filter Include="Src">
      <UniqueIdentifier>{444faec8-cb64-40d2-a85d-4c2430f812bf}</UniqueIdentifier>
    </Filter>
  </ItemGroup>
  <ItemGroup>
    <None Include="ReadMe.txt" />
    <None Include="res\TransDataTest.rc2">
      <Filter>资源文件</Filter>
    </None>
    <None Include="res\TransDataTest.ico">
      <Filter>资源文件</Filter>
    </None>
    <None Include="Src\DechnicCrypt.dll">
      <Filter>Src</Filter>
    </None>
    <None Include="Src\Settings.ini">
      <Filter>Src</Filter>
    </None>
  </ItemGroup>
  <ItemGroup>
    <ClInclude Include="TransDataTest.h">
      <Filter>头文件</Filter>
    </ClInclude>
    <ClInclude Include="TransDataTestDlg.h">
      <Filter>头文件</Filter>
    </ClInclude>
    <ClInclude Include="stdafx.h">
      <Filter>头文件</Filter>
    </ClInclude>
    <ClInclude Include="targetver.h">
      <Filter>头文件</Filter>
    </ClInclude>
    <ClInclude Include="Resource.h">
      <Filter>头文件</Filter>
    </ClInclude>
    <ClInclude Include="tinystr.h">
      <Filter>头文件</Filter>
    </ClInclude>
    <ClInclude Include="tinyxml.h">
      <Filter>头文件</Filter>
    </ClInclude>
    <ClInclude Include="xml.h">
      <Filter>头文件</Filter>
    </ClInclude>
    <ClInclude Include="IniFile.h">
      <Filter>头文件</Filter>
    </ClInclude>
    <ClInclude Include="TCPClient.h">
      <Filter>头文件</Filter>
    </ClInclude>
    <ClInclude Include="DBDefine.h">
      <Filter>头文件</Filter>
    </ClInclude>
    <ClInclude Include="XUnzip.h">
      <Filter>头文件</Filter>
    </ClInclude>
    <ClInclude Include="XZip.h">
      <Filter>头文件</Filter>
    </ClInclude>
    <ClInclude Include="MyZip.h">
      <Filter>头文件</Filter>
    </ClInclude>
    <ClInclude Include="ProtocolManager.h">
      <Filter>头文件</Filter>
    </ClInclude>
    <ClInclude Include="Log.h">
      <Filter>头文件</Filter>
    </ClInclude>
    <ClInclude Include="Utils.h">
      <Filter>头文件</Filter>
    </ClInclude>
    <ClInclude Include="common.h">
      <Filter>头文件</Filter>
    </ClInclude>
    <ClInclude Include="DechnicCrypt.h">
      <Filter>头文件</Filter>
    </ClInclude>
    <ClInclude Include="DataBaseMgr.h">
      <Filter>头文件</Filter>
    </ClInclude>
    <ClInclude Include="DBAdo.h">
      <Filter>头文件</Filter>
    </ClInclude>
  </ItemGroup>
  <ItemGroup>
    <ClCompile Include="TransDataTest.cpp">
      <Filter>源文件</Filter>
    </ClCompile>
    <ClCompile Include="TransDataTestDlg.cpp">
      <Filter>源文件</Filter>
    </ClCompile>
    <ClCompile Include="stdafx.cpp">
      <Filter>源文件</Filter>
    </ClCompile>
    <ClCompile Include="tinystr.cpp">
      <Filter>源文件</Filter>
    </ClCompile>
    <ClCompile Include="tinyxml.cpp">
      <Filter>源文件</Filter>
    </ClCompile>
    <ClCompile Include="tinyxmlerror.cpp">
      <Filter>源文件</Filter>
    </ClCompile>
    <ClCompile Include="tinyxmlparser.cpp">
      <Filter>源文件</Filter>
    </ClCompile>
    <ClCompile Include="xml.cpp">
      <Filter>源文件</Filter>
    </ClCompile>
    <ClCompile Include="IniFile.cpp">
      <Filter>源文件</Filter>
    </ClCompile>
    <ClCompile Include="TCPClient.cpp">
      <Filter>源文件</Filter>
    </ClCompile>
    <ClCompile Include="XUnzip.cpp">
      <Filter>源文件</Filter>
    </ClCompile>
    <ClCompile Include="XZip.cpp">
      <Filter>源文件</Filter>
    </ClCompile>
    <ClCompile Include="MyZip.cpp">
      <Filter>源文件</Filter>
    </ClCompile>
    <ClCompile Include="ProtocolManager.cpp">
      <Filter>源文件</Filter>
    </ClCompile>
    <ClCompile Include="Log.cpp">
      <Filter>源文件</Filter>
    </ClCompile>
    <ClCompile Include="Utils.cpp">
      <Filter>源文件</Filter>
    </ClCompile>
    <ClCompile Include="DataBaseMgr.cpp">
      <Filter>源文件</Filter>
    </ClCompile>
    <ClCompile Include="DBAdo.cpp">
      <Filter>源文件</Filter>
    </ClCompile>
  </ItemGroup>
  <ItemGroup>
    <ResourceCompile Include="TransDataTest.rc">
      <Filter>资源文件</Filter>
    </ResourceCompile>
  </ItemGroup>
</Project>